cloud.google.com/go v0.26.0/go.mod h1:aQUYkXzVsufM+DwF1aE+0xfcU+56JwCaLick0ClmMTw=
github.com/BurntSushi/toml v0.3.1/go.mod h1:xHWCNGjB5oqiDr8zfno3MHue2Ht5sIBksp03qcyfWMU=
github.com/PuerkitoBio/goquery v1.5.0 h1:uGvmFXOA73IKluu/F84Xd1tt/z07GYm8X49XKHP7EJk=
github.com/PuerkitoBio/goquery v1.5.0/go.mod h1:qD2PgZ9lccMbQlc7eEOjaeRlFQON7xY8kdmcsrnKqMg=
github.com/andybalholm/cascadia v1.0.0 h1:hOCXnnZ5A+3eVDX8pvgl4kofXv2ELss0bKcqRySc45o=
github.com/andybalholm/cascadia v1.0.0/go.mod h1:GsXiBklL0woXo1j/WYWtSYYC4ouU9PqHO0sqidkEA4Y=
github.com/andybalholm/cascadia v1.1.0 h1:BuuO6sSfQNFRu1LppgbD25Hr2vLYW25JvxHs5zzsLTo=
github.com/andybalholm/cascadia v1.1.0/go.mod h1:GsXiBklL0woXo1j/WYWtSYYC4ouU9PqHO0sqidkEA4Y=
github.com/biter777/countries v0.0.0-20191224144337-a67ede80b7a3/go.mod h1:q/iWlVHE+VF2x+OiunCx6wIbZYGDNJIQIYYDZ58jCcQ=
github.com/census-instrumentation/opencensus-proto v0.2.1/go.mod h1:f6KPmirojxKA12rnyqOA5BBL4O983OfeGPqjHWSTneU=
github.com/chzyer/logex v1.1.10/go.mod h1:+Ywpsq7O8HXn0nuIou7OrIPyXbp3wmkHB+jjWRnGsAI=
github.com/chzyer/readline v0.0.0-20180603132655-2972be24d48e/go.mod h1:nSuG5e5PlCu98SY8svDHJxuZscDgtXS6KTTbou5AhLI=
github.com/chzyer/test v0.0.0-20180213035817-a1ea475d72b1/go.mod h1:Q3SI9o4m/ZMnBNeIyt5eFwwo7qiLfzFZmjNmxjkiQlU=
github.com/client9/misspell v0.3.4/go.mod h1:qj6jICC3Q7zFZvVWo7KLAzC3yx5G7kyvSDkc90ppPyw=
github.com/davecgh/go-spew v1.1.0 h1:ZDRjVQ15GmhC3fiQ8ni8+OwkZQO4DARzQgrnXU1Liz8=
github.com/davecgh/go-spew v1.1.0/go.mod h1:J7Y8YcW2NihsgmVo/mv3lAwl/skON4iLHjSsI+c5H38=
github.com/envoyproxy/go-control-plane v0.9.1-0.20191026205805-5f8ba28d4473/go.mod h1:YTl/9mNaCwkRvm6d1a2C3ymFceY/DCBVvsKhRF0iEA4=
github.com/envoyproxy/protoc-gen-validate v0.1.0/go.mod h1:iSmxcyjqTsJpI2R4NaDN7+kN2VEUnK/pcBlmesArF7c=
github.com/golang/glog v0.0.0-20160126235308-23def4e6c14b/go.mod h1:SBH7ygxi8pfUlaOkMMuAQtPIUF8ecWP5IEl/CR7VP2Q=
github.com/golang/mock v1.1.1/go.mod h1:oTYuIxOrZwtPieC+H1uAHpcLFnEyAGVDL/k47Jfbm0A=
github.com/golang/mock v1.2.0/go.mod h1:oTYuIxOrZwtPieC+H1uAHpcLFnEyAGVDL/k47Jfbm0A=
github.com/golang/protobuf v1.2.0/go.mod h1:6lQm79b+lXiMfvg/cZm0SGofjICqVBUtrP5yJMmIC1U=
github.com/golang/protobuf v1.2.1-0.20190205222052-c823c79ea157 h1:SdQMHsZ18/XZCHuwt3IF+dvHgYTO2XMWZjv3XBKQqAI=
github.com/golang/protobuf v1.2.1-0.20190205222052-c823c79ea157/go.mod h1:Qd/q+1AKNOZr9uGQzbzCmRO6sUih6GTPZv6a1/R87v0=
github.com/golang/protobuf v1.3.2 h1:6nsPYzhq5kReh6QImI3k5qWzO4PEbvbIW2cwSfR/6xs=
github.com/golang/protobuf v1.3.2/go.mod h1:6lQm79b+lXiMfvg/cZm0SGofjICqVBUtrP5yJMmIC1U=
github.com/google/go-cmp v0.2.0/go.mod h1:oXzfMopK8JAjlY9xF4vHSVASa0yLyX7SntLO5aqRK0M=
github.com/grokify/html-strip-tags-go v0.0.0-20190921062105-daaa06bf1aaf h1:wIOAyJMMen0ELGiFzlmqxdcV1yGbkyHBAB6PolcNbLA=
github.com/grokify/html-strip-tags-go v0.0.0-20190921062105-daaa06bf1aaf/go.mod h1:2Su6romC5/1VXOQMaWL2yb618ARB8iVo6/DR99A6d78=
github.com/kisielk/gotool v1.0.0/go.mod h1:XhKaO+MFFWcvkIS/tQcRk01m1F5IRFswLeQ+oQHNcck=
github.com/miekg/dns v1.1.4/go.mod h1:W1PPwlIAgtquWBMBEV9nkV9Cazfe8ScdGz/Lj7v3Nrg=
github.com/mmcdole/gofeed v1.0.0-beta2 h1:CjQ0ADhAwNSb08zknAkGOEYqr8zfZKfrzgk9BxpWP2E=
github.com/mmcdole/gofeed v1.0.0-beta2/go.mod h1:/BF9JneEL2/flujm8XHoxUcghdTV6vvb3xx/vKyChFU=
github.com/mmcdole/goxpp v0.0.0-20181012175147-0068e33feabf h1:sWGE2v+hO0Nd4yFU/S/mDBM5plIU8v/Qhfz41hkDIAI=
github.com/mmcdole/goxpp v0.0.0-20181012175147-0068e33feabf/go.mod h1:pasqhqstspkosTneA62Nc+2p9SOBBYAPbnmRRWPQ0V8=
github.com/pmezard/go-difflib v1.0.0 h1:4DBwDE0NGyQoBHbLQYPwSUPoCMWR5BEzIk/f1lZbAQM=
github.com/pmezard/go-difflib v1.0.0/go.mod h1:iKH77koFhYxTK1pcRnkKkqfTogsbg7gZNVY4sRDYZ/4=
github.com/prometheus/client_model v0.0.0-20190812154241-14fe0d1b01d4/go.mod h1:xMI15A0UPsDsEKsMN9yxemIoYk6Tm2C1GtYGdfGttqA=
github.com/stretchr/objx v0.1.0/go.mod h1:HFkY916IF+rwdDfMAkV7OtwuqBVzrE8GR6GFx+wExME=
github.com/stretchr/testify v1.4.0 h1:2E4SXV/wtOkTonXsotYi4li6zVWxYlZuYNCXe9XRJyk=
github.com/stretchr/testify v1.4.0/go.mod h1:j7eGeouHqKxXV5pUuKE4zz7dFj8WfuZ+81PSLYec5m4=
github.com/v2fly/vmessping v0.0.7 h1:MzM7XkmfQaj01ST2swDqChIKb2ZborMm2A/SW27qoH4=
github.com/v2fly/vmessping v0.0.8-0.20191225053123-3752dc246773 h1:DVXjKdnUnVQLoDvqVZPujSLJASRjYZS1u9L8ZETbzTw=
github.com/v2fly/vmessping v0.0.8-0.20191225053123-3752dc246773/go.mod h1:9gmZ7T/jslKZyeXvYrVlnH42pMcwBUUKqRm5bDS2UAc=
github.com/v2fly/vmessping v0.0.8-0.20191225053628-db4f50f3bf74 h1:NfpxgDTV2t3P6trengrH2PTmnP8I3oOK3zQAyR//674=
github.com/v2fly/vmessping v0.0.8-0.20191225053628-db4f50f3bf74/go.mod h1:9gmZ7T/jslKZyeXvYrVlnH42pMcwBUUKqRm5bDS2UAc=
github.com/v2fly/vmessping v0.0.8-0.20191225060348-adfc86dc8afd h1:tae6X3aiS5ObNzgeiyoi+KWODDpOoIdI2UYWgXP2cas=
github.com/v2fly/vmessping v0.0.8-0.20191225060348-adfc86dc8afd/go.mod h1:9gmZ7T/jslKZyeXvYrVlnH42pMcwBUUKqRm5bDS2UAc=
github.com/v2fly/vmessping v0.0.8-0.20191225065752-dde86637d8da h1:WCLArZT5DovnwOSWWX4I8fiJIV7DQfEz7J8nD+3Yzuo=
github.com/v2fly/vmessping v0.0.8-0.20191225065752-dde86637d8da/go.mod h1:9gmZ7T/jslKZyeXvYrVlnH42pMcwBUUKqRm5bDS2UAc=
github.com/v2fly/vmessping v0.1.2-0.20200110070549-30c1c8199db1 h1:PqOP5mZjKlKz/U5QMgh8vf3onZQfsZD3vBJj2m2wX+4=
github.com/v2fly/vmessping v0.1.2-0.20200110070549-30c1c8199db1/go.mod h1:oHbfxQwTtE6kngZSor/MJjWdmjmta1lRLOgVBv/sYSQ=
github.com/v2fly/vmessping v0.1.2-0.20200110073333-904e548ab07b h1:gCBfvEPi4TnwK80re1oWRqCeyKGJBOUFesKWJo+F1H4=
github.com/v2fly/vmessping v0.1.2-0.20200110073333-904e548ab07b/go.mod h1:oHbfxQwTtE6kngZSor/MJjWdmjmta1lRLOgVBv/sYSQ=
github.com/v2fly/vmessping v0.1.3-0.20200113011506-4e3e48c2bebd h1:NoFCc4SumX/O8rKjuGkGZRTdW3wmBVQr2huuXGko9jo=
github.com/v2fly/vmessping v0.1.3-0.20200113011506-4e3e48c2bebd/go.mod h1:7e1SSqYmH7s/aWzxObvWSfazNtbOyo8XOu5piGaJdWw=
go.starlark.net v0.0.0-20190225160109-1174b2613e82 h1:vAHCTDREx7LqPeWqNeTvCKWcURJztP3wBKnF2Q0sW7Q=
go.starlark.net v0.0.0-20190225160109-1174b2613e82/go.mod h1:c1/X6cHgvdXj6pUlmWKMkuqRnW4K8x2vwt6JAaaircg=
go.starlark.net v0.0.0-20191218235703-9fcb808a6221 h1:GMoeMjox1bR6zacPH+6Z1biOylJzpDbnzven0ymPRg8=
go.starlark.net v0.0.0-20191218235703-9fcb808a6221/go.mod h1:nmDLcffg48OtT/PSW0Hg7FvpRQsQh5OSqIylirxKC7o=
golang.org/x/crypto v0.0.0-20190208162236-193df9c0f06f/go.mod h1:6SG95UA2DQfeDnfUPMdvaQW0Q7yPrPDi9nlGo2tz2b4=
golang.org/x/crypto v0.0.0-20190308221718-c2843e01d9a2 h1:VklqNMn3ovrHsnt90PveolxSbWFaJdECFbxSq0Mqo2M=
golang.org/x/crypto v0.0.0-20190308221718-c2843e01d9a2/go.mod h1:djNgcEr1/C05ACkg1iLfiJU5Ep61QUkGW8qpdssI0+w=
golang.org/x/crypto v0.0.0-20191219195013-becbf705a915 h1:aJ0ex187qoXrJHPo8ZasVTASQB7llQP6YeNzgDALPRk=
golang.org/x/crypto v0.0.0-20191219195013-becbf705a915/go.mod h1:LzIPMQfyMNhhGPhUkYOs5KpL4U8rLKemX1yGLhDgUto=
golang.org/x/exp v0.0.0-20190121172915-509febef88a4/go.mod h1:CJ0aWSM057203Lf6IL+f9T1iT9GByDxfZKAQTCR3kQA=
golang.org/x/lint v0.0.0-20181026193005-c67002cb31c3/go.mod h1:UVdnD1Gm6xHRNCYTkRU2/jEulfH38KcIWyp/GAMgvoE=
golang.org/x/lint v0.0.0-20190227174305-5b3e6a55c961/go.mod h1:wehouNa3lNwaWXcvxsM5YxQ5yQlVC4a0KAMCusXpPoU=
golang.org/x/lint v0.0.0-20190313153728-d0100b6bd8b3/go.mod h1:6SW0HCj/g11FgYtHlgUYUwCkIfeOF89ocIRzGO/8vkc=
golang.org/x/net v0.0.0-20180218175443-cbe0f9307d01/go.mod h1:mL1N/T3taQHkDXs73rZJwtUhF3w3ftmwwsq0BUmARs4=
golang.org/x/net v0.0.0-20180724234803-3673e40ba225/go.mod h1:mL1N/T3taQHkDXs73rZJwtUhF3w3ftmwwsq0BUmARs4=
golang.org/x/net v0.0.0-20180826012351-8a410e7b638d/go.mod h1:mL1N/T3taQHkDXs73rZJwtUhF3w3ftmwwsq0BUmARs4=
golang.org/x/net v0.0.0-20180906233101-161cd47e91fd/go.mod h1:mL1N/T3taQHkDXs73rZJwtUhF3w3ftmwwsq0BUmARs4=
golang.org/x/net v0.0.0-20181114220301-adae6a3d119a/go.mod h1:mL1N/T3taQHkDXs73rZJwtUhF3w3ftmwwsq0BUmARs4=
golang.org/x/net v0.0.0-20190206173232-65e2d4e15006/go.mod h1:mL1N/T3taQHkDXs73rZJwtUhF3w3ftmwwsq0BUmARs4=
golang.org/x/net v0.0.0-20190213061140-3a22650c66bd/go.mod h1:mL1N/T3taQHkDXs73rZJwtUhF3w3ftmwwsq0BUmARs4=
golang.org/x/net v0.0.0-20190311183353-d8887717615a/go.mod h1:t9HGtf8HONx5eT2rtn7q6eTqICYqUVnKs3thJo3Qplg=
golang.org/x/net v0.0.0-20190404232315-eb5bcb51f2a3/go.mod h1:t9HGtf8HONx5eT2rtn7q6eTqICYqUVnKs3thJo3Qplg=
golang.org/x/net v0.0.0-20191209160850-c0dbc17a3553 h1:efeOvDhwQ29Dj3SdAV/MJf8oukgn+8D8WgaCaRMchF8=
golang.org/x/net v0.0.0-20191209160850-c0dbc17a3553/go.mod h1:z5CRVTTTmAJ677TzLLGU+0bjPO0LkuOLi4/5GtJWs/s=
golang.org/x/oauth2 v0.0.0-20180821212333-d2e6202438be/go.mod h1:N/0e6XlmueqKjAGxoOufVs8QHGRruUQn6yWY3a++T0U=
golang.org/x/sync v0.0.0-20180314180146-1d60e4601c6f/go.mod h1:RxMgew5VJxzue5/jJTE5uejpjVlOe/izrB70Jof72aM=
golang.org/x/sync v0.0.0-20181108010431-42b317875d0f/go.mod h1:RxMgew5VJxzue5/jJTE5uejpjVlOe/izrB70Jof72aM=
golang.org/x/sync v0.0.0-20190423024810-112230192c58/go.mod h1:RxMgew5VJxzue5/jJTE5uejpjVlOe/izrB70Jof72aM=
golang.org/x/sys v0.0.0-20180830151530-49385e6e1522/go.mod h1:STP8DvDyc/dI5b8T5hshtkjS+E42TnysNCUPdjciGhY=
golang.org/x/sys v0.0.0-20190215142949-d0b11bdaac8a h1:1BGLXjeY4akVXGgbC9HugT3Jv3hCI0z56oJR5vAMgBU=
golang.org/x/sys v0.0.0-20190215142949-d0b11bdaac8a/go.mod h1:STP8DvDyc/dI5b8T5hshtkjS+E42TnysNCUPdjciGhY=
golang.org/x/sys v0.0.0-20190412213103-97732733099d/go.mod h1:h1NjWce9XRLGQEsW7wpKNCjG9DtNlClVuFLEZdDNbEs=
golang.org/x/sys v0.0.0-20191002063906-3421d5a6bb1c/go.mod h1:h1NjWce9XRLGQEsW7wpKNCjG9DtNlClVuFLEZdDNbEs=
golang.org/x/sys v0.0.0-20191224085550-c709ea063b76 h1:Dho5nD6R3PcW2SH1or8vS0dszDaXRxIw55lBX7XiE5g=
golang.org/x/sys v0.0.0-20191224085550-c709ea063b76/go.mod h1:h1NjWce9XRLGQEsW7wpKNCjG9DtNlClVuFLEZdDNbEs=
golang.org/x/text v0.3.0/go.mod h1:NqM8EUOU14njkJ3fqMW+pc6Ldnwhi/IjpwHt7yyuwOQ=
golang.org/x/text v0.3.2 h1:tW2bmiBqwgJj/UpqtC8EpXEZVYOwU0yG4iWbprSVAcs=
golang.org/x/text v0.3.2/go.mod h1:bEr9sfX3Q8Zfm5fL9x+3itogRgK3+ptLWKqgva+5dAk=
golang.org/x/tools v0.0.0-20180828015842-6cd1fcedba52/go.mod h1:n7NCudcB/nEzxVGmLbDWY5pfWTLqBcC2KZ6jyYvM4mQ=
golang.org/x/tools v0.0.0-20180917221912-90fa682c2a6e/go.mod h1:n7NCudcB/nEzxVGmLbDWY5pfWTLqBcC2KZ6jyYvM4mQ=
golang.org/x/tools v0.0.0-20190114222345-bf090417da8b/go.mod h1:n7NCudcB/nEzxVGmLbDWY5pfWTLqBcC2KZ6jyYvM4mQ=
golang.org/x/tools v0.0.0-20190226205152-f727befe758c/go.mod h1:9Yl7xja0Znq3iFh3HoIrodX9oNMXvdceNzlUR8zjMvY=
golang.org/x/tools v0.0.0-20190311212946-11955173bddd/go.mod h1:LCzVGOaR6xXOjkQ3onu1FJEFr0SW1gC7cKk1uF8kGRs=
golang.org/x/tools v0.0.0-20190524140312-2c0ae7006135/go.mod h1:RgjU9mgBXZiqYHBnxXauZ1Gv1EHHAz9KjViQ78xBX0Q=
google.golang.org/appengine v1.1.0/go.mod h1:EbEs0AVv82hx2wNQdGPgUI5lhzA/G0D9YwlJXL52JkM=
google.golang.org/appengine v1.4.0/go.mod h1:xpcJRLb0r/rnEns0DIKYYv+WjYCduHsrkT7/EB5XEv4=
google.golang.org/genproto v0.0.0-20180817151627-c66870c02cf8/go.mod h1:JiN7NxoALGmiZfu7CAH4rXhgtRTLTxftemlI0sWmxmc=
google.golang.org/genproto v0.0.0-20180831171423-11092d34479b h1:lohp5blsw53GBXtLyLNaTXPXS9pJ1tiTw61ZHUoE9Qw=
google.golang.org/genproto v0.0.0-20180831171423-11092d34479b/go.mod h1:JiN7NxoALGmiZfu7CAH4rXhgtRTLTxftemlI0sWmxmc=
google.golang.org/genproto v0.0.0-20190819201941-24fa4b261c55/go.mod h1:DMBHOl98Agz4BDEuKkezgsaosCRResVns1a3J2ZsMNc=
google.golang.org/genproto v0.0.0-20191223191004-3caeed10a8bf h1:1x8rC5/IgdLMPbPTvlQTN28+rcy8XL9Q19UWUMDyqYs=
google.golang.org/genproto v0.0.0-20191223191004-3caeed10a8bf/go.mod h1:n3cpQtvxv34hfy77yVDNjmbRyujviMdxYliBSkLhpCc=
google.golang.org/grpc v1.18.0 h1:IZl7mfBGfbhYx2p2rKRtYgDFw6SBz+kclmxYrCksPPA=
google.golang.org/grpc v1.18.0/go.mod h1:6QZJwpn2B+Zp71q/5VxRsJ6NXXVCE5NRUHRo+f3cWCs=
google.golang.org/grpc v1.19.0/go.mod h1:mqu4LbDTu4XGKhr4mRzUsmM4RtVoemTSY81AxZiDr8c=
google.golang.org/grpc v1.23.0/go.mod h1:Y5yQAOtifL1yxbo5wqy6BxZv8vAUGQwXBOALyacEbxg=
google.golang.org/grpc v1.26.0 h1:2dTRdpdFEEhJYQD8EMLB61nnrzSCTbG38PhqdhvOltg=
google.golang.org/grpc v1.26.0/go.mod h1:qbnxyOmOxrQa7FizSgH+ReBfzJrCY1pSN7KXBS8abTk=
gopkg.in/check.v1 v0.0.0-20161208181325-20d25e280405/go.mod h1:Co6ibVJAznAaIkqp8huTwlJQCZ016jof/cbN4VW5Yz0=
gopkg.in/yaml.v2 v2.2.2 h1:ZCJp+EgiOT7lHqUV2J862kp8Qj64Jo6az82+3Td9dZw=
gopkg.in/yaml.v2 v2.2.2/go.mod h1:hI93XBmqTisBFMUTm0b8Fm+jr3Dg1NNxqwp+5A1VGuI=
h12.io/socks v1.0.0/go.mod h1:MdYbo5/eB9ka7u5dzW2Qh0iSyJENwB3KI5H5ngenFGA=
honnef.co/go/tools v0.0.0-20180728063816-88497007e858/go.mod h1:rf3lG4BRIbNafJWhAfAdb/ePZxsR/4RtNHQocxwk9r4=
honnef.co/go/tools v0.0.0-20190102054323-c2f93a96b099/go.mod h1:rf3lG4BRIbNafJWhAfAdb/ePZxsR/4RtNHQocxwk9r4=
honnef.co/go/tools v0.0.0-20190523083050-ea95bdfd59fc/go.mod h1:rf3lG4BRIbNafJWhAfAdb/ePZxsR/4RtNHQocxwk9r4=
v2ray.com/core v4.19.1+incompatible h1:JWoYsYlCpFOJX5KcmSkAMHOqOjzux+wx/HtgMBkUvSg=
v2ray.com/core v4.19.1+incompatible/go.mod h1:0yC/gG6Jd6qgp9PuaXuFE9uOi1xVYoDPexD1nlFms/w=
